
Microsoft Visual Studio Solution File, Format Version 12.00
# Visual Studio 15
VisualStudioVersion = 15.0.27703.2035
MinimumVisualStudioVersion = 10.0.40219.1
Project("{FAE04EC0-301F-11D3-BF4B-00C04F79EFBC}") = "DutchTreat", "DutchTreat\DutchTreat.csproj", "{C9A0BEC3-4869-41A3-8B81-CFDD1E574E47}"
EndProject
Global
	GlobalSection(SolutionConfigurationPlatforms) = preSolution
		Debug|Any CPU = Debug|Any CPU
		Release|Any CPU = Release|Any CPU
	EndGlobalSection
	GlobalSection(ProjectConfigurationPlatforms) = postSolution
		{C9A0BEC3-4869-41A3-8B81-CFDD1E574E47}.Debug|Any CPU.ActiveCfg = Debug|Any CPU
		{C9A0BEC3-4869-41A3-8B81-CFDD1E574E47}.Debug|Any CPU.Build.0 = Debug|Any CPU
		{C9A0BEC3-4869-41A3-8B81-CFDD1E574E47}.Release|Any CPU.ActiveCfg = Release|Any CPU
		{C9A0BEC3-4869-41A3-8B81-CFDD1E574E47}.Release|Any CPU.Build.0 = Release|Any CPU
	EndGlobalSection
	GlobalSection(SolutionProperties) = preSolution
		HideSolutionNode = FALSE
	EndGlobalSection
	GlobalSection(ExtensibilityGlobals) = postSolution
		SolutionGuid = {E58EC328-81D4-454B-A4F6-D1462221EB76}
	EndGlobalSection
EndGlobal
